
Microsoft Visual Studio Solution File, Format Version 12.00
# Visual Studio Version 16
VisualStudioVersion = 16.0.30621.155
MinimumVisualStudioVersion = 10.0.40219.1
Project("{FAE04EC0-301F-11D3-BF4B-00C04F79EFBC}") = "Fabiantest", "Fabiantest\Fabiantest.csproj", "{CD8BCF6A-6116-4DE4-85F6-F9D54BEB236C}"
EndProject
Global
	GlobalSection(SolutionConfigurationPlatforms) = preSolution
		Debug|Any CPU = Debug|Any CPU
		Release|Any CPU = Release|Any CPU
	EndGlobalSection
	GlobalSection(ProjectConfigurationPlatforms) = postSolution
		{CD8BCF6A-6116-4DE4-85F6-F9D54BEB236C}.Debug|Any CPU.ActiveCfg = Debug|Any CPU
		{CD8BCF6A-6116-4DE4-85F6-F9D54BEB236C}.Debug|Any CPU.Build.0 = Debug|Any CPU
		{CD8BCF6A-6116-4DE4-85F6-F9D54BEB236C}.Release|Any CPU.ActiveCfg = Release|Any CPU
		{CD8BCF6A-6116-4DE4-85F6-F9D54BEB236C}.Release|Any CPU.Build.0 = Release|Any CPU
	EndGlobalSection
	GlobalSection(SolutionProperties) = preSolution
		HideSolutionNode = FALSE
	EndGlobalSection
	GlobalSection(ExtensibilityGlobals) = postSolution
		SolutionGuid = {030819B4-6F07-4B51-A871-A531D952FA32}
	EndGlobalSection
EndGlobal
